
Microsoft Visual Studio Solution File, Format Version 12.00
#
VisualStudioVersion = 17.5.002.0
MinimumVisualStudioVersion = 
Project("{FAE04EC0-301F-11D3-BF4B-00C04F79EFBC}") = "BusinessLogic", "BusinessLogic\BusinessLogic.csproj", "{7CBFA59A-0C5B-4558-930C-FE9830EFCC6F}"
EndProject
Project("{FAE04EC0-301F-11D3-BF4B-00C04F79EFBC}") = "DataAccess", "DataAccess\DataAccess.csproj", "{D802F627-486F-4082-9F24-C14BCBC9A076}"
EndProject
Project("{FAE04EC0-301F-11D3-BF4B-00C04F79EFBC}") = "Api", "Api\Api.csproj", "{F803835A-E2A6-4F26-94E6-C9617ECBCE8F}"
EndProject
Global
	GlobalSection(SolutionConfigurationPlatforms) = preSolution
		Debug|Any CPU = Debug|Any CPU
		Release|Any CPU = Release|Any CPU
	EndGlobalSection
	GlobalSection(ProjectConfigurationPlatforms) = postSolution
		{7CBFA59A-0C5B-4558-930C-FE9830EFCC6F}.Debug|Any CPU.ActiveCfg = Debug|Any CPU
		{7CBFA59A-0C5B-4558-930C-FE9830EFCC6F}.Debug|Any CPU.Build.0 = Debug|Any CPU
		{7CBFA59A-0C5B-4558-930C-FE9830EFCC6F}.Release|Any CPU.ActiveCfg = Release|Any CPU
		{7CBFA59A-0C5B-4558-930C-FE9830EFCC6F}.Release|Any CPU.Build.0 = Release|Any CPU
		{D802F627-486F-4082-9F24-C14BCBC9A076}.Debug|Any CPU.ActiveCfg = Debug|Any CPU
		{D802F627-486F-4082-9F24-C14BCBC9A076}.Debug|Any CPU.Build.0 = Debug|Any CPU
		{D802F627-486F-4082-9F24-C14BCBC9A076}.Release|Any CPU.ActiveCfg = Release|Any CPU
		{D802F627-486F-4082-9F24-C14BCBC9A076}.Release|Any CPU.Build.0 = Release|Any CPU
		{F803835A-E2A6-4F26-94E6-C9617ECBCE8F}.Debug|Any CPU.ActiveCfg = Debug|Any CPU
		{F803835A-E2A6-4F26-94E6-C9617ECBCE8F}.Debug|Any CPU.Build.0 = Debug|Any CPU
		{F803835A-E2A6-4F26-94E6-C9617ECBCE8F}.Release|Any CPU.ActiveCfg = Release|Any CPU
		{F803835A-E2A6-4F26-94E6-C9617ECBCE8F}.Release|Any CPU.Build.0 = Release|Any CPU
	EndGlobalSection
	GlobalSection(SolutionProperties) = preSolution
		HideSolutionNode = FALSE
	EndGlobalSection
EndGlobal
